
Microsoft Visual Studio Solution File, Format Version 12.00
# Visual Studio Version 17
VisualStudioVersion = 17.11.35222.181
MinimumVisualStudioVersion = 10.0.40219.1
Project("{FAE04EC0-301F-11D3-BF4B-00C04F79EFBC}") = "GameAttach03", "GameAttach03.csproj", "{3F3EB62F-8CA4-49C3-BE09-0D8AFF01F499}"
EndProject
Global
	GlobalSection(SolutionConfigurationPlatforms) = preSolution
		Debug|Any CPU = Debug|Any CPU
		Release|Any CPU = Release|Any CPU
	EndGlobalSection
	GlobalSection(ProjectConfigurationPlatforms) = postSolution
		{3F3EB62F-8CA4-49C3-BE09-0D8AFF01F499}.Debug|Any CPU.ActiveCfg = Debug|Any CPU
		{3F3EB62F-8CA4-49C3-BE09-0D8AFF01F499}.Debug|Any CPU.Build.0 = Debug|Any CPU
		{3F3EB62F-8CA4-49C3-BE09-0D8AFF01F499}.Release|Any CPU.ActiveCfg = Release|Any CPU
		{3F3EB62F-8CA4-49C3-BE09-0D8AFF01F499}.Release|Any CPU.Build.0 = Release|Any CPU
	EndGlobalSection
	GlobalSection(SolutionProperties) = preSolution
		HideSolutionNode = FALSE
	EndGlobalSection
	GlobalSection(ExtensibilityGlobals) = postSolution
		SolutionGuid = {5697A95B-92CA-4C16-ABA7-00E62F9E13F5}
	EndGlobalSection
EndGlobal
